
Microsoft Visual Studio Solution File, Format Version 12.00
# Visual Studio 2013
VisualStudioVersion = 12.0.31101.0
MinimumVisualStudioVersion = 10.0.40219.1
Project("{FAE04EC0-301F-11D3-BF4B-00C04F79EFBC}") = "JDataGen", "JDataGen\JDataGen.csproj", "{5EEEB220-51CB-44F8-BBD5-FF48E577D512}"
EndProject
Project("{FAE04EC0-301F-11D3-BF4B-00C04F79EFBC}") = "JDataGen.Tests", "JDataGen.Tests\JDataGen.Tests.csproj", "{98A77862-8810-44AE-B1B5-9A38A539E9A4}"
EndProject
Global
	GlobalSection(SolutionConfigurationPlatforms) = preSolution
		Debug|Any CPU = Debug|Any CPU
		Release|Any CPU = Release|Any CPU
	EndGlobalSection
	GlobalSection(ProjectConfigurationPlatforms) = postSolution
		{5EEEB220-51CB-44F8-BBD5-FF48E577D512}.Debug|Any CPU.ActiveCfg = Debug|Any CPU
		{5EEEB220-51CB-44F8-BBD5-FF48E577D512}.Debug|Any CPU.Build.0 = Debug|Any CPU
		{5EEEB220-51CB-44F8-BBD5-FF48E577D512}.Release|Any CPU.ActiveCfg = Release|Any CPU
		{5EEEB220-51CB-44F8-BBD5-FF48E577D512}.Release|Any CPU.Build.0 = Release|Any CPU
		{98A77862-8810-44AE-B1B5-9A38A539E9A4}.Debug|Any CPU.ActiveCfg = Debug|Any CPU
		{98A77862-8810-44AE-B1B5-9A38A539E9A4}.Debug|Any CPU.Build.0 = Debug|Any CPU
		{98A77862-8810-44AE-B1B5-9A38A539E9A4}.Release|Any CPU.ActiveCfg = Release|Any CPU
		{98A77862-8810-44AE-B1B5-9A38A539E9A4}.Release|Any CPU.Build.0 = Release|Any CPU
	EndGlobalSection
	GlobalSection(SolutionProperties) = preSolution
		HideSolutionNode = FALSE
	EndGlobalSection
EndGlobal
